
Microsoft Visual Studio Solution File, Format Version 12.00
# Visual Studio Version 16
VisualStudioVersion = 16.0.31729.503
MinimumVisualStudioVersion = 10.0.40219.1
Project("{FAE04EC0-301F-11D3-BF4B-00C04F79EFBC}") = "openClosedPrincipleUsingTrue", "openClosedPrincipleUsingTrue\openClosedPrincipleUsingTrue.csproj", "{8E469E51-4EA5-4F51-BD46-13324867EDDA}"
EndProject
Project("{FAE04EC0-301F-11D3-BF4B-00C04F79EFBC}") = "openClosedPrincipleUsingFalse", "openClosedPrincipleUsingFalse\openClosedPrincipleUsingFalse.csproj", "{F1CD162F-F1D6-4713-B25B-C2D727833BED}"
EndProject
Global
	GlobalSection(SolutionConfigurationPlatforms) = preSolution
		Debug|Any CPU = Debug|Any CPU
		Release|Any CPU = Release|Any CPU
	EndGlobalSection
	GlobalSection(ProjectConfigurationPlatforms) = postSolution
		{8E469E51-4EA5-4F51-BD46-13324867EDDA}.Debug|Any CPU.ActiveCfg = Debug|Any CPU
		{8E469E51-4EA5-4F51-BD46-13324867EDDA}.Debug|Any CPU.Build.0 = Debug|Any CPU
		{8E469E51-4EA5-4F51-BD46-13324867EDDA}.Release|Any CPU.ActiveCfg = Release|Any CPU
		{8E469E51-4EA5-4F51-BD46-13324867EDDA}.Release|Any CPU.Build.0 = Release|Any CPU
		{F1CD162F-F1D6-4713-B25B-C2D727833BED}.Debug|Any CPU.ActiveCfg = Debug|Any CPU
		{F1CD162F-F1D6-4713-B25B-C2D727833BED}.Debug|Any CPU.Build.0 = Debug|Any CPU
		{F1CD162F-F1D6-4713-B25B-C2D727833BED}.Release|Any CPU.ActiveCfg = Release|Any CPU
		{F1CD162F-F1D6-4713-B25B-C2D727833BED}.Release|Any CPU.Build.0 = Release|Any CPU
	EndGlobalSection
	GlobalSection(SolutionProperties) = preSolution
		HideSolutionNode = FALSE
	EndGlobalSection
	GlobalSection(ExtensibilityGlobals) = postSolution
		SolutionGuid = {801403BE-10C7-4096-925C-4EF14343304D}
	EndGlobalSection
EndGlobal
